// !$*UTF8*$!
{
	archiveVersion = 1;
	classes = {
	};
	objectVersion = 55;
	objects = {

/* Begin PBXBuildFile section */
		0438E61F288D1A9300445381 /* SplashScreenView.swift in Sources */ = {isa = PBXBuildFile; fileRef = 0438E61E288D1A9300445381 /* SplashScreenView.swift */; };
		DD21B6E52882FC3100D3A6E2 /* LOVEGGIEApp.swift in Sources */ = {isa = PBXBuildFile; fileRef = DD21B6E42882FC3100D3A6E2 /* LOVEGGIEApp.swift */; };
		DD21B6E72882FC3100D3A6E2 /* ContentView.swift in Sources */ = {isa = PBXBuildFile; fileRef = DD21B6E62882FC3100D3A6E2 /* ContentView.swift */; };
		DD21B6E92882FC3100D3A6E2 /* Assets.xcassets in Resources */ = {isa = PBXBuildFile; fileRef = DD21B6E82882FC3100D3A6E2 /* Assets.xcassets */; };
		DD21B6EC2882FC3100D3A6E2 /* Preview Assets.xcassets in Resources */ = {isa = PBXBuildFile; fileRef = DD21B6EB2882FC3100D3A6E2 /* Preview Assets.xcassets */; };
		DD21B6F62882FC3100D3A6E2 /* LOVEGGIETests.swift in Sources */ = {isa = PBXBuildFile; fileRef = DD21B6F52882FC3100D3A6E2 /* LOVEGGIETests.swift */; };
		DD21B7002882FC3100D3A6E2 /* LOVEGGIEUITests.swift in Sources */ = {isa = PBXBuildFile; fileRef = DD21B6FF2882FC3100D3A6E2 /* LOVEGGIEUITests.swift */; };
		DD21B7022882FC3100D3A6E2 /* LOVEGGIEUITestsLaunchTests.swift in Sources */ = {isa = PBXBuildFile; fileRef = DD21B7012882FC3100D3A6E2 /* LOVEGGIEUITestsLaunchTests.swift */; };
		DDF3C801288BD4DB00ED3654 /* ImagePicker.swift in Sources */ = {isa = PBXBuildFile; fileRef = DDF3C800288BD4DB00ED3654 /* ImagePicker.swift */; };
		DDF3C804288BDA5B00ED3654 /* FirebaseFirestore in Frameworks */ = {isa = PBXBuildFile; productRef = DDF3C803288BDA5B00ED3654 /* FirebaseFirestore */; };
		DDF3C806288BDA5B00ED3654 /* FirebaseStorage in Frameworks */ = {isa = PBXBuildFile; productRef = DDF3C805288BDA5B00ED3654 /* FirebaseStorage */; };
		DDF3C808288BE77F00ED3654 /* GoogleService-Info.plist in Resources */ = {isa = PBXBuildFile; fileRef = DDF3C807288BE77F00ED3654 /* GoogleService-Info.plist */; };
		DDF3C80F288CF1E800ED3654 /* ThirdViewModel.swift in Sources */ = {isa = PBXBuildFile; fileRef = DDF3C80E288CF1E800ED3654 /* ThirdViewModel.swift */; };
		DDF3C812288CF23300ED3654 /* ThirdView.swift in Sources */ = {isa = PBXBuildFile; fileRef = DDF3C811288CF23300ED3654 /* ThirdView.swift */; };
		DDF3C819288D095C00ED3654 /* SecondView.swift in Sources */ = {isa = PBXBuildFile; fileRef = DDF3C818288D095C00ED3654 /* SecondView.swift */; };
		DDF3C81B288D096700ED3654 /* FirstView.swift in Sources */ = {isa = PBXBuildFile; fileRef = DDF3C81A288D096700ED3654 /* FirstView.swift */; };
		DDF3C81D288D098100ED3654 /* FourthView.swift in Sources */ = {isa = PBXBuildFile; fileRef = DDF3C81C288D098100ED3654 /* FourthView.swift */; };
		DDF3C81F288D099200ED3654 /* FifthView.swift in Sources */ = {isa = PBXBuildFile; fileRef = DDF3C81E288D099200ED3654 /* FifthView.swift */; };
		DDF3C82F288D1F9800ED3654 /* Post.swift in Sources */ = {isa = PBXBuildFile; fileRef = DDF3C82E288D1F9800ED3654 /* Post.swift */; };
		DDF3C831288D385600ED3654 /* PostView.swift in Sources */ = {isa = PBXBuildFile; fileRef = DDF3C830288D385600ED3654 /* PostView.swift */; };
		DDF3C833288D387A00ED3654 /* InfiniteScrollView.swift in Sources */ = {isa = PBXBuildFile; fileRef = DDF3C832288D387A00ED3654 /* InfiniteScrollView.swift */; };
		DDF3C835288D38A400ED3654 /* PostsViewModel.swift in Sources */ = {isa = PBXBuildFile; fileRef = DDF3C834288D38A400ED3654 /* PostsViewModel.swift */; };
		DDF3C838288D3A2600ED3654 /* FirebaseFirestoreSwift in Frameworks */ = {isa = PBXBuildFile; productRef = DDF3C837288D3A2600ED3654 /* FirebaseFirestoreSwift */; };
/* End PBXBuildFile section */

/* Begin PBXContainerItemProxy section */
		DD21B6F22882FC3100D3A6E2 /* PBXContainerItemProxy */ = {
			isa = PBXContainerItemProxy;
			containerPortal = DD21B6D92882FC3100D3A6E2 /* Project object */;
			proxyType = 1;
			remoteGlobalIDString = DD21B6E02882FC3100D3A6E2;
			remoteInfo = LOVEGGIE;
		};
		DD21B6FC2882FC3100D3A6E2 /* PBXContainerItemProxy */ = {
			isa = PBXContainerItemProxy;
			containerPortal = DD21B6D92882FC3100D3A6E2 /* Project object */;
			proxyType = 1;
			remoteGlobalIDString = DD21B6E02882FC3100D3A6E2;
			remoteInfo = LOVEGGIE;
		};
/* End PBXContainerItemProxy section */

/* Begin PBXFileReference section */
		0438E61E288D1A9300445381 /* SplashScreenView.swift */ = {isa = PBXFileReference; lastKnownFileType = sourcecode.swift; path = SplashScreenView.swift; sourceTree = "<group>"; };
		DD21B6E12882FC3100D3A6E2 /* LOVEGGIE.app */ = {isa = PBXFileReference; explicitFileType = wrapper.application; includeInIndex = 0; path = LOVEGGIE.app; sourceTree = BUILT_PRODUCTS_DIR; };
		DD21B6E42882FC3100D3A6E2 /* LOVEGGIEApp.swift */ = {isa = PBXFileReference; lastKnownFileType = sourcecode.swift; path = LOVEGGIEApp.swift; sourceTree = "<group>"; };
		DD21B6E62882FC3100D3A6E2 /* ContentView.swift */ = {isa = PBXFileReference; lastKnownFileType = sourcecode.swift; path = ContentView.swift; sourceTree = "<group>"; };
		DD21B6E82882FC3100D3A6E2 /* Assets.xcassets */ = {isa = PBXFileReference; lastKnownFileType = folder.assetcatalog; path = Assets.xcassets; sourceTree = "<group>"; };
		DD21B6EB2882FC3100D3A6E2 /* Preview Assets.xcassets */ = {isa = PBXFileReference; lastKnownFileType = folder.assetcatalog; path = "Preview Assets.xcassets"; sourceTree = "<group>"; };
		DD21B6F12882FC3100D3A6E2 /* LOVEGGIETests.xctest */ = {isa = PBXFileReference; explicitFileType = wrapper.cfbundle; includeInIndex = 0; path = LOVEGGIETests.xctest; sourceTree = BUILT_PRODUCTS_DIR; };
		DD21B6F52882FC3100D3A6E2 /* LOVEGGIETests.swift */ = {isa = PBXFileReference; lastKnownFileType = sourcecode.swift; path = LOVEGGIETests.swift; sourceTree = "<group>"; };
		DD21B6FB2882FC3100D3A6E2 /* LOVEGGIEUITests.xctest */ = {isa = PBXFileReference; explicitFileType = wrapper.cfbundle; includeInIndex = 0; path = LOVEGGIEUITests.xctest; sourceTree = BUILT_PRODUCTS_DIR; };
		DD21B6FF2882FC3100D3A6E2 /* LOVEGGIEUITests.swift */ = {isa = PBXFileReference; lastKnownFileType = sourcecode.swift; path = LOVEGGIEUITests.swift; sourceTree = "<group>"; };
		DD21B7012882FC3100D3A6E2 /* LOVEGGIEUITestsLaunchTests.swift */ = {isa = PBXFileReference; lastKnownFileType = sourcecode.swift; path = LOVEGGIEUITestsLaunchTests.swift; sourceTree = "<group>"; };
		DDF3C800288BD4DB00ED3654 /* ImagePicker.swift */ = {isa = PBXFileReference; lastKnownFileType = sourcecode.swift; path = ImagePicker.swift; sourceTree = "<group>"; };
		DDF3C807288BE77F00ED3654 /* GoogleService-Info.plist */ = {isa = PBXFileReference; fileEncoding = 4; lastKnownFileType = text.plist.xml; path = "GoogleService-Info.plist"; sourceTree = "<group>"; };
		DDF3C80E288CF1E800ED3654 /* ThirdViewModel.swift */ = {isa = PBXFileReference; lastKnownFileType = sourcecode.swift; path = ThirdViewModel.swift; sourceTree = "<group>"; };
		DDF3C811288CF23300ED3654 /* ThirdView.swift */ = {isa = PBXFileReference; lastKnownFileType = sourcecode.swift; path = ThirdView.swift; sourceTree = "<group>"; };
		DDF3C818288D095C00ED3654 /* SecondView.swift */ = {isa = PBXFileReference; lastKnownFileType = sourcecode.swift; path = SecondView.swift; sourceTree = "<group>"; };
		DDF3C81A288D096700ED3654 /* FirstView.swift */ = {isa = PBXFileReference; lastKnownFileType = sourcecode.swift; path = FirstView.swift; sourceTree = "<group>"; };
		DDF3C81C288D098100ED3654 /* FourthView.swift */ = {isa = PBXFileReference; lastKnownFileType = sourcecode.swift; path = FourthView.swift; sourceTree = "<group>"; };
		DDF3C81E288D099200ED3654 /* FifthView.swift */ = {isa = PBXFileReference; lastKnownFileType = sourcecode.swift; path = FifthView.swift; sourceTree = "<group>"; };
		DDF3C82E288D1F9800ED3654 /* Post.swift */ = {isa = PBXFileReference; lastKnownFileType = sourcecode.swift; path = Post.swift; sourceTree = "<group>"; };
		DDF3C830288D385600ED3654 /* PostView.swift */ = {isa = PBXFileReference; lastKnownFileType = sourcecode.swift; path = PostView.swift; sourceTree = "<group>"; };
		DDF3C832288D387A00ED3654 /* InfiniteScrollView.swift */ = {isa = PBXFileReference; lastKnownFileType = sourcecode.swift; path = InfiniteScrollView.swift; sourceTree = "<group>"; };
		DDF3C834288D38A400ED3654 /* PostsViewModel.swift */ = {isa = PBXFileReference; lastKnownFileType = sourcecode.swift; path = PostsViewModel.swift; sourceTree = "<group>"; };
/* End PBXFileReference section */

/* Begin PBXFrameworksBuildPhase section */
		DD21B6DE2882FC3100D3A6E2 /* Frameworks */ = {
			isa = PBXFrameworksBuildPhase;
			buildActionMask = 2147483647;
			files = (
				DDF3C804288BDA5B00ED3654 /* FirebaseFirestore in Frameworks */,
				DDF3C806288BDA5B00ED3654 /* FirebaseStorage in Frameworks */,
				DDF3C838288D3A2600ED3654 /* FirebaseFirestoreSwift in Frameworks */,
			);
			runOnlyForDeploymentPostprocessing = 0;
		};
		DD21B6EE2882FC3100D3A6E2 /* Frameworks */ = {
			isa = PBXFrameworksBuildPhase;
			buildActionMask = 2147483647;
			files = (
			);
			runOnlyForDeploymentPostprocessing = 0;
		};
		DD21B6F82882FC3100D3A6E2 /* Frameworks */ = {
			isa = PBXFrameworksBuildPhase;
			buildActionMask = 2147483647;
			files = (
			);
			runOnlyForDeploymentPostprocessing = 0;
		};
/* End PBXFrameworksBuildPhase section */

/* Begin PBXGroup section */
		DD21B6D82882FC3100D3A6E2 = {
			isa = PBXGroup;
			children = (
				DD21B6E32882FC3100D3A6E2 /* LOVEGGIE */,
				DD21B6F42882FC3100D3A6E2 /* LOVEGGIETests */,
				DD21B6FE2882FC3100D3A6E2 /* LOVEGGIEUITests */,
				DD21B6E22882FC3100D3A6E2 /* Products */,
			);
			sourceTree = "<group>";
		};
		DD21B6E22882FC3100D3A6E2 /* Products */ = {
			isa = PBXGroup;
			children = (
				DD21B6E12882FC3100D3A6E2 /* LOVEGGIE.app */,
				DD21B6F12882FC3100D3A6E2 /* LOVEGGIETests.xctest */,
				DD21B6FB2882FC3100D3A6E2 /* LOVEGGIEUITests.xctest */,
			);
			name = Products;
			sourceTree = "<group>";
		};
		DD21B6E32882FC3100D3A6E2 /* LOVEGGIE */ = {
			isa = PBXGroup;
			children = (
				DDF3C82D288D1F9100ED3654 /* Model */,
				DDF3C82C288D1F8A00ED3654 /* ViewModel */,
				0438E61E288D1A9300445381 /* SplashScreenView.swift */,
				DD21B6E42882FC3100D3A6E2 /* LOVEGGIEApp.swift */,
				DD21B6E62882FC3100D3A6E2 /* ContentView.swift */,
				DDF3C80D288CF16E00ED3654 /* View */,
				DDF3C807288BE77F00ED3654 /* GoogleService-Info.plist */,
				DD21B6E82882FC3100D3A6E2 /* Assets.xcassets */,
				DD21B6EA2882FC3100D3A6E2 /* Preview Content */,
			);
			path = LOVEGGIE;
			sourceTree = "<group>";
		};
		DD21B6EA2882FC3100D3A6E2 /* Preview Content */ = {
			isa = PBXGroup;
			children = (
				DD21B6EB2882FC3100D3A6E2 /* Preview Assets.xcassets */,
			);
			path = "Preview Content";
			sourceTree = "<group>";
		};
		DD21B6F42882FC3100D3A6E2 /* LOVEGGIETests */ = {
			isa = PBXGroup;
			children = (
				DD21B6F52882FC3100D3A6E2 /* LOVEGGIETests.swift */,
			);
			path = LOVEGGIETests;
			sourceTree = "<group>";
		};
		DD21B6FE2882FC3100D3A6E2 /* LOVEGGIEUITests */ = {
			isa = PBXGroup;
			children = (
				DD21B6FF2882FC3100D3A6E2 /* LOVEGGIEUITests.swift */,
				DD21B7012882FC3100D3A6E2 /* LOVEGGIEUITestsLaunchTests.swift */,
			);
			path = LOVEGGIEUITests;
			sourceTree = "<group>";
		};
		DDF3C80D288CF16E00ED3654 /* View */ = {
			isa = PBXGroup;
			children = (
				DDF3C815288CFF2C00ED3654 /* First View */,
				DDF3C814288CFF1C00ED3654 /* Second View */,
				DDF3C810288CF21500ED3654 /* Third View */,
				DDF3C816288CFF3800ED3654 /* Fourth View */,
				DDF3C817288CFF3F00ED3654 /* Fifth View */,
			);
			path = View;
			sourceTree = "<group>";
		};
		DDF3C810288CF21500ED3654 /* Third View */ = {
			isa = PBXGroup;
			children = (
				DDF3C811288CF23300ED3654 /* ThirdView.swift */,
				DDF3C80E288CF1E800ED3654 /* ThirdViewModel.swift */,
				DDF3C800288BD4DB00ED3654 /* ImagePicker.swift */,
			);
			path = "Third View";
			sourceTree = "<group>";
		};
		DDF3C814288CFF1C00ED3654 /* Second View */ = {
			isa = PBXGroup;
			children = (
				DDF3C818288D095C00ED3654 /* SecondView.swift */,
			);
			path = "Second View";
			sourceTree = "<group>";
		};
		DDF3C815288CFF2C00ED3654 /* First View */ = {
			isa = PBXGroup;
			children = (
				DDF3C81A288D096700ED3654 /* FirstView.swift */,
				DDF3C830288D385600ED3654 /* PostView.swift */,
				DDF3C832288D387A00ED3654 /* InfiniteScrollView.swift */,
				DDF3C834288D38A400ED3654 /* PostsViewModel.swift */,
			);
			path = "First View";
			sourceTree = "<group>";
		};
		DDF3C816288CFF3800ED3654 /* Fourth View */ = {
			isa = PBXGroup;
			children = (
				DDF3C81C288D098100ED3654 /* FourthView.swift */,
			);
			path = "Fourth View";
			sourceTree = "<group>";
		};
		DDF3C817288CFF3F00ED3654 /* Fifth View */ = {
			isa = PBXGroup;
			children = (
				DDF3C81E288D099200ED3654 /* FifthView.swift */,
			);
			path = "Fifth View";
			sourceTree = "<group>";
		};
		DDF3C82C288D1F8A00ED3654 /* ViewModel */ = {
			isa = PBXGroup;
			children = (
			);
			path = ViewModel;
			sourceTree = "<group>";
		};
		DDF3C82D288D1F9100ED3654 /* Model */ = {
			isa = PBXGroup;
			children = (
				DDF3C82E288D1F9800ED3654 /* Post.swift */,
			);
			path = Model;
			sourceTree = "<group>";
		};
/* End PBXGroup section */

/* Begin PBXNativeTarget section */
		DD21B6E02882FC3100D3A6E2 /* LOVEGGIE */ = {
			isa = PBXNativeTarget;
			buildConfigurationList = DD21B7052882FC3100D3A6E2 /* Build configuration list for PBXNativeTarget "LOVEGGIE" */;
			buildPhases = (
				DD21B6DD2882FC3100D3A6E2 /* Sources */,
				DD21B6DE2882FC3100D3A6E2 /* Frameworks */,
				DD21B6DF2882FC3100D3A6E2 /* Resources */,
			);
			buildRules = (
			);
			dependencies = (
			);
			name = LOVEGGIE;
			packageProductDependencies = (
				DDF3C803288BDA5B00ED3654 /* FirebaseFirestore */,
				DDF3C805288BDA5B00ED3654 /* FirebaseStorage */,
				DDF3C837288D3A2600ED3654 /* FirebaseFirestoreSwift */,
			);
			productName = LOVEGGIE;
			productReference = DD21B6E12882FC3100D3A6E2 /* LOVEGGIE.app */;
			productType = "com.apple.product-type.application";
		};
		DD21B6F02882FC3100D3A6E2 /* LOVEGGIETests */ = {
			isa = PBXNativeTarget;
			buildConfigurationList = DD21B7082882FC3100D3A6E2 /* Build configuration list for PBXNativeTarget "LOVEGGIETests" */;
			buildPhases = (
				DD21B6ED2882FC3100D3A6E2 /* Sources */,
				DD21B6EE2882FC3100D3A6E2 /* Frameworks */,
				DD21B6EF2882FC3100D3A6E2 /* Resources */,
			);
			buildRules = (
			);
			dependencies = (
				DD21B6F32882FC3100D3A6E2 /* PBXTargetDependency */,
			);
			name = LOVEGGIETests;
			productName = LOVEGGIETests;
			productReference = DD21B6F12882FC3100D3A6E2 /* LOVEGGIETests.xctest */;
			productType = "com.apple.product-type.bundle.unit-test";
		};
		DD21B6FA2882FC3100D3A6E2 /* LOVEGGIEUITests */ = {
			isa = PBXNativeTarget;
			buildConfigurationList = DD21B70B2882FC3100D3A6E2 /* Build configuration list for PBXNativeTarget "LOVEGGIEUITests" */;
			buildPhases = (
				DD21B6F72882FC3100D3A6E2 /* Sources */,
				DD21B6F82882FC3100D3A6E2 /* Frameworks */,
				DD21B6F92882FC3100D3A6E2 /* Resources */,
			);
			buildRules = (
			);
			dependencies = (
				DD21B6FD2882FC3100D3A6E2 /* PBXTargetDependency */,
			);
			name = LOVEGGIEUITests;
			productName = LOVEGGIEUITests;
			productReference = DD21B6FB2882FC3100D3A6E2 /* LOVEGGIEUITests.xctest */;
			productType = "com.apple.product-type.bundle.ui-testing";
		};
/* End PBXNativeTarget section */

/* Begin PBXProject section */
		DD21B6D92882FC3100D3A6E2 /* Project object */ = {
			isa = PBXProject;
			attributes = {
				BuildIndependentTargetsInParallel = 1;
				LastSwiftUpdateCheck = 1340;
				LastUpgradeCheck = 1340;
				TargetAttributes = {
					DD21B6E02882FC3100D3A6E2 = {
						CreatedOnToolsVersion = 13.4.1;
					};
					DD21B6F02882FC3100D3A6E2 = {
						CreatedOnToolsVersion = 13.4.1;
						TestTargetID = DD21B6E02882FC3100D3A6E2;
					};
					DD21B6FA2882FC3100D3A6E2 = {
						CreatedOnToolsVersion = 13.4.1;
						TestTargetID = DD21B6E02882FC3100D3A6E2;
					};
				};
			};
			buildConfigurationList = DD21B6DC2882FC3100D3A6E2 /* Build configuration list for PBXProject "LOVEGGIE" */;
			compatibilityVersion = "Xcode 13.0";
			developmentRegion = en;
			hasScannedForEncodings = 0;
			knownRegions = (
				en,
				Base,
			);
			mainGroup = DD21B6D82882FC3100D3A6E2;
			packageReferences = (
				DDF3C802288BDA5A00ED3654 /* XCRemoteSwiftPackageReference "firebase-ios-sdk" */,
				DDF3C836288D3A2600ED3654 /* XCRemoteSwiftPackageReference "firebase-ios-sdk" */,
			);
			productRefGroup = DD21B6E22882FC3100D3A6E2 /* Products */;
			projectDirPath = "";
			projectRoot = "";
			targets = (
				DD21B6E02882FC3100D3A6E2 /* LOVEGGIE */,
				DD21B6F02882FC3100D3A6E2 /* LOVEGGIETests */,
				DD21B6FA2882FC3100D3A6E2 /* LOVEGGIEUITests */,
			);
		};
/* End PBXProject section */

/* Begin PBXResourcesBuildPhase section */
		DD21B6DF2882FC3100D3A6E2 /* Resources */ = {
			isa = PBXResourcesBuildPhase;
			buildActionMask = 2147483647;
			files = (
				DD21B6EC2882FC3100D3A6E2 /* Preview Assets.xcassets in Resources */,
				DD21B6E92882FC3100D3A6E2 /* Assets.xcassets in Resources */,
				DDF3C808288BE77F00ED3654 /* GoogleService-Info.plist in Resources */,
			);
			runOnlyForDeploymentPostprocessing = 0;
		};
		DD21B6EF2882FC3100D3A6E2 /* Resources */ = {
			isa = PBXResourcesBuildPhase;
			buildActionMask = 2147483647;
			files = (
			);
			runOnlyForDeploymentPostprocessing = 0;
		};
		DD21B6F92882FC3100D3A6E2 /* Resources */ = {
			isa = PBXResourcesBuildPhase;
			buildActionMask = 2147483647;
			files = (
			);
			runOnlyForDeploymentPostprocessing = 0;
		};
/* End PBXResourcesBuildPhase section */

/* Begin PBXSourcesBuildPhase section */
		DD21B6DD2882FC3100D3A6E2 /* Sources */ = {
			isa = PBXSourcesBuildPhase;
			buildActionMask = 2147483647;
			files = (
				DDF3C81B288D096700ED3654 /* FirstView.swift in Sources */,
				DDF3C833288D387A00ED3654 /* InfiniteScrollView.swift in Sources */,
				DDF3C82F288D1F9800ED3654 /* Post.swift in Sources */,
				DDF3C819288D095C00ED3654 /* SecondView.swift in Sources */,
				DDF3C80F288CF1E800ED3654 /* ThirdViewModel.swift in Sources */,
				DDF3C812288CF23300ED3654 /* ThirdView.swift in Sources */,
				DDF3C835288D38A400ED3654 /* PostsViewModel.swift in Sources */,
				DDF3C801288BD4DB00ED3654 /* ImagePicker.swift in Sources */,
				DD21B6E72882FC3100D3A6E2 /* ContentView.swift in Sources */,
				DDF3C81D288D098100ED3654 /* FourthView.swift in Sources */,
				0438E61F288D1A9300445381 /* SplashScreenView.swift in Sources */,
				DDF3C81F288D099200ED3654 /* FifthView.swift in Sources */,
				DDF3C831288D385600ED3654 /* PostView.swift in Sources */,
				DD21B6E52882FC3100D3A6E2 /* LOVEGGIEApp.swift in Sources */,
			);
			runOnlyForDeploymentPostprocessing = 0;
		};
		DD21B6ED2882FC3100D3A6E2 /* Sources */ = {
			isa = PBXSourcesBuildPhase;
			buildActionMask = 2147483647;
			files = (
				DD21B6F62882FC3100D3A6E2 /* LOVEGGIETests.swift in Sources */,
			);
			runOnlyForDeploymentPostprocessing = 0;
		};
		DD21B6F72882FC3100D3A6E2 /* Sources */ = {
			isa = PBXSourcesBuildPhase;
			buildActionMask = 2147483647;
			files = (
				DD21B7022882FC3100D3A6E2 /* LOVEGGIEUITestsLaunchTests.swift in Sources */,
				DD21B7002882FC3100D3A6E2 /* LOVEGGIEUITests.swift in Sources */,
			);
			runOnlyForDeploymentPostprocessing = 0;
		};
/* End PBXSourcesBuildPhase section */

/* Begin PBXTargetDependency section */
		DD21B6F32882FC3100D3A6E2 /* PBXTargetDependency */ = {
			isa = PBXTargetDependency;
			target = DD21B6E02882FC3100D3A6E2 /* LOVEGGIE */;
			targetProxy = DD21B6F22882FC3100D3A6E2 /* PBXContainerItemProxy */;
		};
		DD21B6FD2882FC3100D3A6E2 /* PBXTargetDependency */ = {
			isa = PBXTargetDependency;
			target = DD21B6E02882FC3100D3A6E2 /* LOVEGGIE */;
			targetProxy = DD21B6FC2882FC3100D3A6E2 /* PBXContainerItemProxy */;
		};
/* End PBXTargetDependency section */

/* Begin XCBuildConfiguration section */
		DD21B7032882FC3100D3A6E2 /* Debug */ = {
			isa = XCBuildConfiguration;
			buildSettings = {
				ALWAYS_SEARCH_USER_PATHS = NO;
				CLANG_ANALYZER_NONNULL = YES;
				CLANG_ANALYZER_NUMBER_OBJECT_CONVERSION = YES_AGGRESSIVE;
				CLANG_CXX_LANGUAGE_STANDARD = "gnu++17";
				CLANG_ENABLE_MODULES = YES;
				CLANG_ENABLE_OBJC_ARC = YES;
				CLANG_ENABLE_OBJC_WEAK = YES;
				CLANG_WARN_BLOCK_CAPTURE_AUTORELEASING = YES;
				CLANG_WARN_BOOL_CONVERSION = YES;
				CLANG_WARN_COMMA = YES;
				CLANG_WARN_CONSTANT_CONVERSION = YES;
				CLANG_WARN_DEPRECATED_OBJC_IMPLEMENTATIONS = YES;
				CLANG_WARN_DIRECT_OBJC_ISA_USAGE = YES_ERROR;
				CLANG_WARN_DOCUMENTATION_COMMENTS = YES;
				CLANG_WARN_EMPTY_BODY = YES;
				CLANG_WARN_ENUM_CONVERSION = YES;
				CLANG_WARN_INFINITE_RECURSION = YES;
				CLANG_WARN_INT_CONVERSION = YES;
				CLANG_WARN_NON_LITERAL_NULL_CONVERSION = YES;
				CLANG_WARN_OBJC_IMPLICIT_RETAIN_SELF = YES;
				CLANG_WARN_OBJC_LITERAL_CONVERSION = YES;
				CLANG_WARN_OBJC_ROOT_CLASS = YES_ERROR;
				CLANG_WARN_QUOTED_INCLUDE_IN_FRAMEWORK_HEADER = YES;
				CLANG_WARN_RANGE_LOOP_ANALYSIS = YES;
				CLANG_WARN_STRICT_PROTOTYPES = YES;
				CLANG_WARN_SUSPICIOUS_MOVE = YES;
				CLANG_WARN_UNGUARDED_AVAILABILITY = YES_AGGRESSIVE;
				CLANG_WARN_UNREACHABLE_CODE = YES;
				CLANG_WARN__DUPLICATE_METHOD_MATCH = YES;
				COPY_PHASE_STRIP = NO;
				DEBUG_INFORMATION_FORMAT = dwarf;
				ENABLE_STRICT_OBJC_MSGSEND = YES;
				ENABLE_TESTABILITY = YES;
				GCC_C_LANGUAGE_STANDARD = gnu11;
				GCC_DYNAMIC_NO_PIC = NO;
				GCC_NO_COMMON_BLOCKS = YES;
				GCC_OPTIMIZATION_LEVEL = 0;
				GCC_PREPROCESSOR_DEFINITIONS = (
					"DEBUG=1",
					"$(inherited)",
				);
				GCC_WARN_64_TO_32_BIT_CONVERSION = YES;
				GCC_WARN_ABOUT_RETURN_TYPE = YES_ERROR;
				GCC_WARN_UNDECLARED_SELECTOR = YES;
				GCC_WARN_UNINITIALIZED_AUTOS = YES_AGGRESSIVE;
				GCC_WARN_UNUSED_FUNCTION = YES;
				GCC_WARN_UNUSED_VARIABLE = YES;
				IPHONEOS_DEPLOYMENT_TARGET = 15.5;
				MTL_ENABLE_DEBUG_INFO = INCLUDE_SOURCE;
				MTL_FAST_MATH = YES;
				ONLY_ACTIVE_ARCH = YES;
				SDKROOT = iphoneos;
				SWIFT_ACTIVE_COMPILATION_CONDITIONS = DEBUG;
				SWIFT_OPTIMIZATION_LEVEL = "-Onone";
			};
			name = Debug;
		};
		DD21B7042882FC3100D3A6E2 /* Release */ = {
			isa = XCBuildConfiguration;
			buildSettings = {
				ALWAYS_SEARCH_USER_PATHS = NO;
				CLANG_ANALYZER_NONNULL = YES;
				CLANG_ANALYZER_NUMBER_OBJECT_CONVERSION = YES_AGGRESSIVE;
				CLANG_CXX_LANGUAGE_STANDARD = "gnu++17";
				CLANG_ENABLE_MODULES = YES;
				CLANG_ENABLE_OBJC_ARC = YES;
				CLANG_ENABLE_OBJC_WEAK = YES;
				CLANG_WARN_BLOCK_CAPTURE_AUTORELEASING = YES;
				CLANG_WARN_BOOL_CONVERSION = YES;
				CLANG_WARN_COMMA = YES;
				CLANG_WARN_CONSTANT_CONVERSION = YES;
				CLANG_WARN_DEPRECATED_OBJC_IMPLEMENTATIONS = YES;
				CLANG_WARN_DIRECT_OBJC_ISA_USAGE = YES_ERROR;
				CLANG_WARN_DOCUMENTATION_COMMENTS = YES;
				CLANG_WARN_EMPTY_BODY = YES;
				CLANG_WARN_ENUM_CONVERSION = YES;
				CLANG_WARN_INFINITE_RECURSION = YES;
				CLANG_WARN_INT_CONVERSION = YES;
				CLANG_WARN_NON_LITERAL_NULL_CONVERSION = YES;
				CLANG_WARN_OBJC_IMPLICIT_RETAIN_SELF = YES;
				CLANG_WARN_OBJC_LITERAL_CONVERSION = YES;
				CLANG_WARN_OBJC_ROOT_CLASS = YES_ERROR;
				CLANG_WARN_QUOTED_INCLUDE_IN_FRAMEWORK_HEADER = YES;
				CLANG_WARN_RANGE_LOOP_ANALYSIS = YES;
				CLANG_WARN_STRICT_PROTOTYPES = YES;
				CLANG_WARN_SUSPICIOUS_MOVE = YES;
				CLANG_WARN_UNGUARDED_AVAILABILITY = YES_AGGRESSIVE;
				CLANG_WARN_UNREACHABLE_CODE = YES;
				CLANG_WARN__DUPLICATE_METHOD_MATCH = YES;
				COPY_PHASE_STRIP = NO;
				DEBUG_INFORMATION_FORMAT = "dwarf-with-dsym";
				ENABLE_NS_ASSERTIONS = NO;
				ENABLE_STRICT_OBJC_MSGSEND = YES;
				GCC_C_LANGUAGE_STANDARD = gnu11;
				GCC_NO_COMMON_BLOCKS = YES;
				GCC_WARN_64_TO_32_BIT_CONVERSION = YES;
				GCC_WARN_ABOUT_RETURN_TYPE = YES_ERROR;
				GCC_WARN_UNDECLARED_SELECTOR = YES;
				GCC_WARN_UNINITIALIZED_AUTOS = YES_AGGRESSIVE;
				GCC_WARN_UNUSED_FUNCTION = YES;
				GCC_WARN_UNUSED_VARIABLE = YES;
				IPHONEOS_DEPLOYMENT_TARGET = 15.5;
				MTL_ENABLE_DEBUG_INFO = NO;
				MTL_FAST_MATH = YES;
				SDKROOT = iphoneos;
				SWIFT_COMPILATION_MODE = wholemodule;
				SWIFT_OPTIMIZATION_LEVEL = "-O";
				VALIDATE_PRODUCT = YES;
			};
			name = Release;
		};
		DD21B7062882FC3100D3A6E2 /* Debug */ = {
			isa = XCBuildConfiguration;
			buildSettings = {
				ASSETCATALOG_COMPILER_APPICON_NAME = AppIcon;
				ASSETCATALOG_COMPILER_GLOBAL_ACCENT_COLOR_NAME = AccentColor;
				CODE_SIGN_STYLE = Automatic;
				CURRENT_PROJECT_VERSION = 1;
				DEVELOPMENT_ASSET_PATHS = "\"LOVEGGIE/Preview Content\"";
				ENABLE_PREVIEWS = YES;
				GENERATE_INFOPLIST_FILE = YES;
				INFOPLIST_KEY_UIApplicationSceneManifest_Generation = YES;
				INFOPLIST_KEY_UIApplicationSupportsIndirectInputEvents = YES;
				INFOPLIST_KEY_UILaunchScreen_Generation = YES;
				INFOPLIST_KEY_UISupportedInterfaceOrientations_iPad = "UIInterfaceOrientationPortrait UIInterfaceOrientationPortraitUpsideDown UIInterfaceOrientationLandscapeLeft UIInterfaceOrientationLandscapeRight";
				INFOPLIST_KEY_UISupportedInterfaceOrientations_iPhone = "UIInterfaceOrientationPortrait UIInterfaceOrientationLandscapeLeft UIInterfaceOrientationLandscapeRight";
				IPHONEOS_DEPLOYMENT_TARGET = 15.4;
				LD_RUNPATH_SEARCH_PATHS = (
					"$(inherited)",
					"@executable_path/Frameworks",
				);
				MARKETING_VERSION = 1.0;
				PRODUCT_BUNDLE_IDENTIFIER = LOVEGGIE.LOVEGGIE;
				PRODUCT_NAME = "$(TARGET_NAME)";
				SWIFT_EMIT_LOC_STRINGS = YES;
				SWIFT_VERSION = 5.0;
				TARGETED_DEVICE_FAMILY = "1,2";
			};
			name = Debug;
		};
		DD21B7072882FC3100D3A6E2 /* Release */ = {
			isa = XCBuildConfiguration;
			buildSettings = {
				ASSETCATALOG_COMPILER_APPICON_NAME = AppIcon;
				ASSETCATALOG_COMPILER_GLOBAL_ACCENT_COLOR_NAME = AccentColor;
				CODE_SIGN_STYLE = Automatic;
				CURRENT_PROJECT_VERSION = 1;
				DEVELOPMENT_ASSET_PATHS = "\"LOVEGGIE/Preview Content\"";
				ENABLE_PREVIEWS = YES;
				GENERATE_INFOPLIST_FILE = YES;
				INFOPLIST_KEY_UIApplicationSceneManifest_Generation = YES;
				INFOPLIST_KEY_UIApplicationSupportsIndirectInputEvents = YES;
				INFOPLIST_KEY_UILaunchScreen_Generation = YES;
				INFOPLIST_KEY_UISupportedInterfaceOrientations_iPad = "UIInterfaceOrientationPortrait UIInterfaceOrientationPortraitUpsideDown UIInterfaceOrientationLandscapeLeft UIInterfaceOrientationLandscapeRight";
				INFOPLIST_KEY_UISupportedInterfaceOrientations_iPhone = "UIInterfaceOrientationPortrait UIInterfaceOrientationLandscapeLeft UIInterfaceOrientationLandscapeRight";
				IPHONEOS_DEPLOYMENT_TARGET = 15.4;
				LD_RUNPATH_SEARCH_PATHS = (
					"$(inherited)",
					"@executable_path/Frameworks",
				);
				MARKETING_VERSION = 1.0;
				PRODUCT_BUNDLE_IDENTIFIER = LOVEGGIE.LOVEGGIE;
				PRODUCT_NAME = "$(TARGET_NAME)";
				SWIFT_EMIT_LOC_STRINGS = YES;
				SWIFT_VERSION = 5.0;
				TARGETED_DEVICE_FAMILY = "1,2";
			};
			name = Release;
		};
		DD21B7092882FC3100D3A6E2 /* Debug */ = {
			isa = XCBuildConfiguration;
			buildSettings = {
				ALWAYS_EMBED_SWIFT_STANDARD_LIBRARIES = YES;
				BUNDLE_LOADER = "$(TEST_HOST)";
				CODE_SIGN_STYLE = Automatic;
				CURRENT_PROJECT_VERSION = 1;
				GENERATE_INFOPLIST_FILE = YES;
				IPHONEOS_DEPLOYMENT_TARGET = 15.5;
				MARKETING_VERSION = 1.0;
				PRODUCT_BUNDLE_IDENTIFIER = LOVEGGIE.LOVEGGIETests;
				PRODUCT_NAME = "$(TARGET_NAME)";
				SWIFT_EMIT_LOC_STRINGS = NO;
				SWIFT_VERSION = 5.0;
				TARGETED_DEVICE_FAMILY = "1,2";
				TEST_HOST = "$(BUILT_PRODUCTS_DIR)/LOVEGGIE.app/LOVEGGIE";
			};
			name = Debug;
		};
		DD21B70A2882FC3100D3A6E2 /* Release */ = {
			isa = XCBuildConfiguration;
			buildSettings = {
				ALWAYS_EMBED_SWIFT_STANDARD_LIBRARIES = YES;
				BUNDLE_LOADER = "$(TEST_HOST)";
				CODE_SIGN_STYLE = Automatic;
				CURRENT_PROJECT_VERSION = 1;
				GENERATE_INFOPLIST_FILE = YES;
				IPHONEOS_DEPLOYMENT_TARGET = 15.5;
				MARKETING_VERSION = 1.0;
				PRODUCT_BUNDLE_IDENTIFIER = LOVEGGIE.LOVEGGIETests;
				PRODUCT_NAME = "$(TARGET_NAME)";
				SWIFT_EMIT_LOC_STRINGS = NO;
				SWIFT_VERSION = 5.0;
				TARGETED_DEVICE_FAMILY = "1,2";
				TEST_HOST = "$(BUILT_PRODUCTS_DIR)/LOVEGGIE.app/LOVEGGIE";
			};
			name = Release;
		};
		DD21B70C2882FC3100D3A6E2 /* Debug */ = {
			isa = XCBuildConfiguration;
			buildSettings = {
				ALWAYS_EMBED_SWIFT_STANDARD_LIBRARIES = YES;
				CODE_SIGN_STYLE = Automatic;
				CURRENT_PROJECT_VERSION = 1;
				GENERATE_INFOPLIST_FILE = YES;
				MARKETING_VERSION = 1.0;
				PRODUCT_BUNDLE_IDENTIFIER = LOVEGGIE.LOVEGGIEUITests;
				PRODUCT_NAME = "$(TARGET_NAME)";
				SWIFT_EMIT_LOC_STRINGS = NO;
				SWIFT_VERSION = 5.0;
				TARGETED_DEVICE_FAMILY = "1,2";
				TEST_TARGET_NAME = LOVEGGIE;
			};
			name = Debug;
		};
		DD21B70D2882FC3100D3A6E2 /* Release */ = {
			isa = XCBuildConfiguration;
			buildSettings = {
				ALWAYS_EMBED_SWIFT_STANDARD_LIBRARIES = YES;
				CODE_SIGN_STYLE = Automatic;
				CURRENT_PROJECT_VERSION = 1;
				GENERATE_INFOPLIST_FILE = YES;
				MARKETING_VERSION = 1.0;
				PRODUCT_BUNDLE_IDENTIFIER = LOVEGGIE.LOVEGGIEUITests;
				PRODUCT_NAME = "$(TARGET_NAME)";
				SWIFT_EMIT_LOC_STRINGS = NO;
				SWIFT_VERSION = 5.0;
				TARGETED_DEVICE_FAMILY = "1,2";
				TEST_TARGET_NAME = LOVEGGIE;
			};
			name = Release;
		};
/* End XCBuildConfiguration section */

/* Begin XCConfigurationList section */
		DD21B6DC2882FC3100D3A6E2 /* Build configuration list for PBXProject "LOVEGGIE" */ = {
			isa = XCConfigurationList;
			buildConfigurations = (
				DD21B7032882FC3100D3A6E2 /* Debug */,
				DD21B7042882FC3100D3A6E2 /* Release */,
			);
			defaultConfigurationIsVisible = 0;
			defaultConfigurationName = Release;
		};
		DD21B7052882FC3100D3A6E2 /* Build configuration list for PBXNativeTarget "LOVEGGIE" */ = {
			isa = XCConfigurationList;
			buildConfigurations = (
				DD21B7062882FC3100D3A6E2 /* Debug */,
				DD21B7072882FC3100D3A6E2 /* Release */,
			);
			defaultConfigurationIsVisible = 0;
			defaultConfigurationName = Release;
		};
		DD21B7082882FC3100D3A6E2 /* Build configuration list for PBXNativeTarget "LOVEGGIETests" */ = {
			isa = XCConfigurationList;
			buildConfigurations = (
				DD21B7092882FC3100D3A6E2 /* Debug */,
				DD21B70A2882FC3100D3A6E2 /* Release */,
			);
			defaultConfigurationIsVisible = 0;
			defaultConfigurationName = Release;
		};
		DD21B70B2882FC3100D3A6E2 /* Build configuration list for PBXNativeTarget "LOVEGGIEUITests" */ = {
			isa = XCConfigurationList;
			buildConfigurations = (
				DD21B70C2882FC3100D3A6E2 /* Debug */,
				DD21B70D2882FC3100D3A6E2 /* Release */,
			);
			defaultConfigurationIsVisible = 0;
			defaultConfigurationName = Release;
		};
/* End XCConfigurationList section */

/* Begin XCRemoteSwiftPackageReference section */
		DDF3C802288BDA5A00ED3654 /* XCRemoteSwiftPackageReference "firebase-ios-sdk" */ = {
			isa = XCRemoteSwiftPackageReference;
			repositoryURL = "https://github.com/firebase/firebase-ios-sdk";
			requirement = {
				branch = master;
				kind = branch;
			};
		};
		DDF3C836288D3A2600ED3654 /* XCRemoteSwiftPackageReference "firebase-ios-sdk" */ = {
			isa = XCRemoteSwiftPackageReference;
			repositoryURL = "https://github.com/firebase/firebase-ios-sdk";
			requirement = {
				branch = master;
				kind = branch;
			};
		};
/* End XCRemoteSwiftPackageReference section */

/* Begin XCSwiftPackageProductDependency section */
		DDF3C803288BDA5B00ED3654 /* FirebaseFirestore */ = {
			isa = XCSwiftPackageProductDependency;
			package = DDF3C802288BDA5A00ED3654 /* XCRemoteSwiftPackageReference "firebase-ios-sdk" */;
			productName = FirebaseFirestore;
		};
		DDF3C805288BDA5B00ED3654 /* FirebaseStorage */ = {
			isa = XCSwiftPackageProductDependency;
			package = DDF3C802288BDA5A00ED3654 /* XCRemoteSwiftPackageReference "firebase-ios-sdk" */;
			productName = FirebaseStorage;
		};
		DDF3C837288D3A2600ED3654 /* FirebaseFirestoreSwift */ = {
			isa = XCSwiftPackageProductDependency;
			package = DDF3C802288BDA5A00ED3654 /* XCRemoteSwiftPackageReference "firebase-ios-sdk" */;
			productName = FirebaseFirestoreSwift;
		};
/* End XCSwiftPackageProductDependency section */
	};
	rootObject = DD21B6D92882FC3100D3A6E2 /* Project object */;
}
